// !$*UTF8*$!
{
	archiveVersion = 1;
	classes = {
	};
	objectVersion = 46;
	objects = {

/* Begin PBXBuildFile section */
		160F480F1BF8E00900796A49 /* QKColor.swift in Sources */ = {isa = PBXBuildFile; fileRef = 160F480E1BF8E00900796A49 /* QKColor.swift */; };
		160F48131BFCC9AB00796A49 /* AskTableViewController.swift in Sources */ = {isa = PBXBuildFile; fileRef = 160F48121BFCC9AB00796A49 /* AskTableViewController.swift */; };
		160F48161BFCCF1400796A49 /* AskTableViewCell.swift in Sources */ = {isa = PBXBuildFile; fileRef = 160F48141BFCCF1400796A49 /* AskTableViewCell.swift */; };
		160F48171BFCCF1400796A49 /* AskTableViewCell.xib in Resources */ = {isa = PBXBuildFile; fileRef = 160F48151BFCCF1400796A49 /* AskTableViewCell.xib */; };
		166AF3081C1BFD4C001028C3 /* AskCellModel.swift in Sources */ = {isa = PBXBuildFile; fileRef = 166AF3071C1BFD4C001028C3 /* AskCellModel.swift */; };
		166AF30C1C1BFD99001028C3 /* AskBL.swift in Sources */ = {isa = PBXBuildFile; fileRef = 166AF30B1C1BFD99001028C3 /* AskBL.swift */; };
		166AF30E1C1BFDAD001028C3 /* AskDAO.swift in Sources */ = {isa = PBXBuildFile; fileRef = 166AF30D1C1BFDAD001028C3 /* AskDAO.swift */; };
		166AF3111C1C0E19001028C3 /* EtaskBL.swift in Sources */ = {isa = PBXBuildFile; fileRef = 166AF3101C1C0E19001028C3 /* EtaskBL.swift */; };
		166AF3141C1C0E4F001028C3 /* EtaskDAO.swift in Sources */ = {isa = PBXBuildFile; fileRef = 166AF3131C1C0E4F001028C3 /* EtaskDAO.swift */; };
		166AF3161C1C17D1001028C3 /* HttpUtil.swift in Sources */ = {isa = PBXBuildFile; fileRef = 166AF3151C1C17D1001028C3 /* HttpUtil.swift */; };
		166AF3191C1D64C1001028C3 /* NewEtaskListViewController.swift in Sources */ = {isa = PBXBuildFile; fileRef = 166AF3171C1D64C1001028C3 /* NewEtaskListViewController.swift */; };
		166AF31A1C1D64C1001028C3 /* NewEtaskListViewController.xib in Resources */ = {isa = PBXBuildFile; fileRef = 166AF3181C1D64C1001028C3 /* NewEtaskListViewController.xib */; };
		166AF3231C205A92001028C3 /* DanxuanViewController.swift in Sources */ = {isa = PBXBuildFile; fileRef = 166AF3211C205A92001028C3 /* DanxuanViewController.swift */; };
		166AF3241C205A92001028C3 /* DanxuanViewController.xib in Resources */ = {isa = PBXBuildFile; fileRef = 166AF3221C205A92001028C3 /* DanxuanViewController.xib */; };
		166AF3271C205AE7001028C3 /* PanduanViewController.swift in Sources */ = {isa = PBXBuildFile; fileRef = 166AF3251C205AE7001028C3 /* PanduanViewController.swift */; };
		166AF3281C205AE7001028C3 /* PanduanViewController.xib in Resources */ = {isa = PBXBuildFile; fileRef = 166AF3261C205AE7001028C3 /* PanduanViewController.xib */; };
		166AF32B1C206438001028C3 /* LianxianViewController.swift in Sources */ = {isa = PBXBuildFile; fileRef = 166AF3291C206438001028C3 /* LianxianViewController.swift */; };
		166AF32C1C206438001028C3 /* LianxianViewController.xib in Resources */ = {isa = PBXBuildFile; fileRef = 166AF32A1C206438001028C3 /* LianxianViewController.xib */; };
		166AF32F1C2073E5001028C3 /* XuanzetiankongViewController.swift in Sources */ = {isa = PBXBuildFile; fileRef = 166AF32D1C2073E5001028C3 /* XuanzetiankongViewController.swift */; };
		166AF3301C2073E5001028C3 /* XuanzetiankongViewController.xib in Resources */ = {isa = PBXBuildFile; fileRef = 166AF32E1C2073E5001028C3 /* XuanzetiankongViewController.xib */; };
		7B7D4C851C2AB7D600527BA0 /* EtaskQuestionOption.swift in Sources */ = {isa = PBXBuildFile; fileRef = 7B7D4C841C2AB7D600527BA0 /* EtaskQuestionOption.swift */; };
		7B99386D1C2BB0C800AFCD12 /* PaiXuCViewController.swift in Sources */ = {isa = PBXBuildFile; fileRef = 7B99386B1C2BB0C800AFCD12 /* PaiXuCViewController.swift */; };
		7B99386E1C2BB0C800AFCD12 /* PaiXuCViewController.xib in Resources */ = {isa = PBXBuildFile; fileRef = 7B99386C1C2BB0C800AFCD12 /* PaiXuCViewController.xib */; };
		7BA51ABB1C1B053700B72241 /* EtaskModel.swift in Sources */ = {isa = PBXBuildFile; fileRef = 7BA51ABA1C1B053700B72241 /* EtaskModel.swift */; };
		7BA51ABD1C1B05F100B72241 /* UserModel.swift in Sources */ = {isa = PBXBuildFile; fileRef = 7BA51ABC1C1B05F100B72241 /* UserModel.swift */; };
		8F0067FE1C322BF800406357 /* QuestionAudioView.swift in Sources */ = {isa = PBXBuildFile; fileRef = 8F0067FD1C322BF800406357 /* QuestionAudioView.swift */; };
		8F3A05211C321D21008F41F6 /* KouSuanViewController.swift in Sources */ = {isa = PBXBuildFile; fileRef = 8F3A051F1C321D21008F41F6 /* KouSuanViewController.swift */; };
		8F3A05221C321D21008F41F6 /* KouSuanViewController.xib in Resources */ = {isa = PBXBuildFile; fileRef = 8F3A05201C321D21008F41F6 /* KouSuanViewController.xib */; };
		8F4C04AF1C38EC94004002FA /* KouSuanAnswerSetViewController.swift in Sources */ = {isa = PBXBuildFile; fileRef = 8F4C04AD1C38EC94004002FA /* KouSuanAnswerSetViewController.swift */; };
		8F4C04B01C38EC94004002FA /* KouSuanAnswerSetViewController.xib in Resources */ = {isa = PBXBuildFile; fileRef = 8F4C04AE1C38EC94004002FA /* KouSuanAnswerSetViewController.xib */; };
		8F4F780B1C390E92008791ED /* KouSuanKeyboardViewController.swift in Sources */ = {isa = PBXBuildFile; fileRef = 8F4F78091C390E92008791ED /* KouSuanKeyboardViewController.swift */; };
		8F4F780C1C390E92008791ED /* KouSuanKeyboardViewController.xib in Resources */ = {isa = PBXBuildFile; fileRef = 8F4F780A1C390E92008791ED /* KouSuanKeyboardViewController.xib */; };
		8F4F780F1C390EAE008791ED /* KouSuanSpeakViewController.swift in Sources */ = {isa = PBXBuildFile; fileRef = 8F4F780D1C390EAE008791ED /* KouSuanSpeakViewController.swift */; };
		8F4F78101C390EAE008791ED /* KouSuanSpeakViewController.xib in Resources */ = {isa = PBXBuildFile; fileRef = 8F4F780E1C390EAE008791ED /* KouSuanSpeakViewController.xib */; };
		8F4F78121C3915D9008791ED /* BaseDialogViewController.swift in Sources */ = {isa = PBXBuildFile; fileRef = 8F4F78111C3915D9008791ED /* BaseDialogViewController.swift */; };
		8F8DCC311C31235D007A2640 /* LianXianView.swift in Sources */ = {isa = PBXBuildFile; fileRef = 8F8DCC301C31235D007A2640 /* LianXianView.swift */; };
		8FC01C411C3CC8A600E75619 /* EtaskAnswer.swift in Sources */ = {isa = PBXBuildFile; fileRef = 7B0D97561C3BC9D600C90D21 /* EtaskAnswer.swift */; };
		8FEE5ABE1C2B882C0027CC41 /* NSUserDefaultUtil.swift in Sources */ = {isa = PBXBuildFile; fileRef = 8FEE5ABD1C2B882C0027CC41 /* NSUserDefaultUtil.swift */; };
		8FEE5AC01C2B88E80027CC41 /* MBPHUDUtil.swift in Sources */ = {isa = PBXBuildFile; fileRef = 8FEE5ABF1C2B88E80027CC41 /* MBPHUDUtil.swift */; };
		8FEE82521C3A55E80020CFBF /* passDataDelegate.swift in Sources */ = {isa = PBXBuildFile; fileRef = 8FEE82511C3A55E80020CFBF /* passDataDelegate.swift */; };
		8FEE82551C3A98A60020CFBF /* KouSuanResultViewController.swift in Sources */ = {isa = PBXBuildFile; fileRef = 8FEE82531C3A98A60020CFBF /* KouSuanResultViewController.swift */; };
		8FEE82561C3A98A60020CFBF /* KouSuanResultViewController.xib in Resources */ = {isa = PBXBuildFile; fileRef = 8FEE82541C3A98A60020CFBF /* KouSuanResultViewController.xib */; };
		A0AF8496FABF9131CEB2A5C0 /* Pods.framework in Frameworks */ = {isa = PBXBuildFile; fileRef = F79F60162D9117FBADC31C41 /* Pods.framework */; };
		E30A1B9A1C3365D200C8B3C5 /* AudioManager.swift in Sources */ = {isa = PBXBuildFile; fileRef = E30A1B991C3365D200C8B3C5 /* AudioManager.swift */; };
		E30A1B9C1C33A06A00C8B3C5 /* UIPileView.swift in Sources */ = {isa = PBXBuildFile; fileRef = E30A1B9B1C33A06A00C8B3C5 /* UIPileView.swift */; };
		E30A1B9E1C33A8AF00C8B3C5 /* AVFoundation.framework in Frameworks */ = {isa = PBXBuildFile; fileRef = E30A1B9D1C33A8AF00C8B3C5 /* AVFoundation.framework */; };
		E30A1BA01C33A8BA00C8B3C5 /* AudioToolbox.framework in Frameworks */ = {isa = PBXBuildFile; fileRef = E30A1B9F1C33A8BA00C8B3C5 /* AudioToolbox.framework */; };
		E31797391C3B702D008DCAC7 /* LTRefreshView.swift in Sources */ = {isa = PBXBuildFile; fileRef = E31797381C3B702D008DCAC7 /* LTRefreshView.swift */; };
		E3365B541C0C66BB002DCCC6 /* HttpRequest.swift in Sources */ = {isa = PBXBuildFile; fileRef = E3365B521C0C66BB002DCCC6 /* HttpRequest.swift */; };
		E3365B551C0C66BB002DCCC6 /* ServiceApi.swift in Sources */ = {isa = PBXBuildFile; fileRef = E3365B531C0C66BB002DCCC6 /* ServiceApi.swift */; };
		E3365B591C0D29D9002DCCC6 /* LTConfig.swift in Sources */ = {isa = PBXBuildFile; fileRef = E3365B581C0D29D9002DCCC6 /* LTConfig.swift */; };
		E3365B5B1C0D2B11002DCCC6 /* Student.swift in Sources */ = {isa = PBXBuildFile; fileRef = E3365B5A1C0D2B11002DCCC6 /* Student.swift */; };
		E3365B5E1C0D5BDF002DCCC6 /* EtaskTableViewCell.swift in Sources */ = {isa = PBXBuildFile; fileRef = E3365B5C1C0D5BDF002DCCC6 /* EtaskTableViewCell.swift */; };
		E3365B5F1C0D5BDF002DCCC6 /* EtaskTableViewCell.xib in Resources */ = {isa = PBXBuildFile; fileRef = E3365B5D1C0D5BDF002DCCC6 /* EtaskTableViewCell.xib */; };
		E33A3B561C3B9CFE003E8B01 /* arrow.png in Resources */ = {isa = PBXBuildFile; fileRef = E33A3B551C3B9CFE003E8B01 /* arrow.png */; };
		E37F727F1C2A6E40002FF8BE /* ProgressBar.swift in Sources */ = {isa = PBXBuildFile; fileRef = E37F727D1C2A6E40002FF8BE /* ProgressBar.swift */; };
		E37F72801C2A6E40002FF8BE /* ProgressView.swift in Sources */ = {isa = PBXBuildFile; fileRef = E37F727E1C2A6E40002FF8BE /* ProgressView.swift */; };
		E3B545F71C22C524001EE63C /* MainViewController.swift in Sources */ = {isa = PBXBuildFile; fileRef = E3B545F61C22C524001EE63C /* MainViewController.swift */; };
		E3CE95D21C3A046900059069 /* FollowReadingViewController.swift in Sources */ = {isa = PBXBuildFile; fileRef = E3CE95D01C3A046900059069 /* FollowReadingViewController.swift */; };
		E3CE95D31C3A046900059069 /* FollowReadingViewController.xib in Resources */ = {isa = PBXBuildFile; fileRef = E3CE95D11C3A046900059069 /* FollowReadingViewController.xib */; };
		E3E9BEF31C2BCE1900DF28F9 /* ArrowMenu.swift in Sources */ = {isa = PBXBuildFile; fileRef = E3E9BEF11C2BCE1900DF28F9 /* ArrowMenu.swift */; };
		E3E9BEF41C2BCE1900DF28F9 /* ArrowView.swift in Sources */ = {isa = PBXBuildFile; fileRef = E3E9BEF21C2BCE1900DF28F9 /* ArrowView.swift */; };
		E3E9BEF61C2BDB9800DF28F9 /* StatusView.swift in Sources */ = {isa = PBXBuildFile; fileRef = E3E9BEF51C2BDB9800DF28F9 /* StatusView.swift */; };
		E3EBE6281C26A9580050F02E /* BubbleView.swift in Sources */ = {isa = PBXBuildFile; fileRef = E3EBE6271C26A9580050F02E /* BubbleView.swift */; };
		E3FB736B1C06A26C00E76E55 /* EtaskTableViewController.swift in Sources */ = {isa = PBXBuildFile; fileRef = E3FB736A1C06A26C00E76E55 /* EtaskTableViewController.swift */; };
		E3FC711D1C30D378002FFEE1 /* ReadingViewController.swift in Sources */ = {isa = PBXBuildFile; fileRef = E3FC711B1C30D378002FFEE1 /* ReadingViewController.swift */; };
		E3FC711E1C30D378002FFEE1 /* ReadingViewController.xib in Resources */ = {isa = PBXBuildFile; fileRef = E3FC711C1C30D378002FFEE1 /* ReadingViewController.xib */; };
		E3FC714A1C313DF5002FFEE1 /* UIImage+Gif.swift in Sources */ = {isa = PBXBuildFile; fileRef = E3FC71491C313DF5002FFEE1 /* UIImage+Gif.swift */; };
		E3FC714F1C313E37002FFEE1 /* yuyin.gif in Resources */ = {isa = PBXBuildFile; fileRef = E3FC714C1C313E37002FFEE1 /* yuyin.gif */; };
		E3FC71501C313E37002FFEE1 /* yuyin@2x.gif in Resources */ = {isa = PBXBuildFile; fileRef = E3FC714D1C313E37002FFEE1 /* yuyin@2x.gif */; };
		E3FC71511C313E37002FFEE1 /* yuyin@3x.gif in Resources */ = {isa = PBXBuildFile; fileRef = E3FC714E1C313E37002FFEE1 /* yuyin@3x.gif */; };
		E3FC71551C313F99002FFEE1 /* ImageButton.swift in Sources */ = {isa = PBXBuildFile; fileRef = E3FC71541C313F99002FFEE1 /* ImageButton.swift */; };
		E3FC71571C314408002FFEE1 /* ViewControllerBackDelegate.swift in Sources */ = {isa = PBXBuildFile; fileRef = E3FC71561C314408002FFEE1 /* ViewControllerBackDelegate.swift */; };
		E3FFE1F21C32679C004336DB /* AudioProgressView.swift in Sources */ = {isa = PBXBuildFile; fileRef = E3FFE1F11C32679C004336DB /* AudioProgressView.swift */; };
		E98A91631BF4B4E9008DB1A9 /* AppDelegate.swift in Sources */ = {isa = PBXBuildFile; fileRef = E98A91621BF4B4E9008DB1A9 /* AppDelegate.swift */; };
		E98A91681BF4B4E9008DB1A9 /* Main.storyboard in Resources */ = {isa = PBXBuildFile; fileRef = E98A91661BF4B4E9008DB1A9 /* Main.storyboard */; };
		E98A916A1BF4B4E9008DB1A9 /* Assets.xcassets in Resources */ = {isa = PBXBuildFile; fileRef = E98A91691BF4B4E9008DB1A9 /* Assets.xcassets */; };
		E98A916D1BF4B4E9008DB1A9 /* LaunchScreen.storyboard in Resources */ = {isa = PBXBuildFile; fileRef = E98A916B1BF4B4E9008DB1A9 /* LaunchScreen.storyboard */; };
		E98A91781BF4B4E9008DB1A9 /* studentTests.swift in Sources */ = {isa = PBXBuildFile; fileRef = E98A91771BF4B4E9008DB1A9 /* studentTests.swift */; };
		E98A91831BF4B4E9008DB1A9 /* studentUITests.swift in Sources */ = {isa = PBXBuildFile; fileRef = E98A91821BF4B4E9008DB1A9 /* studentUITests.swift */; };
		E98A91941BF4B7A6008DB1A9 /* EtaskListViewController.swift in Sources */ = {isa = PBXBuildFile; fileRef = E98A91931BF4B7A6008DB1A9 /* EtaskListViewController.swift */; };
		E98A91961BF4B7CB008DB1A9 /* EtaskListView.xib in Resources */ = {isa = PBXBuildFile; fileRef = E98A91951BF4B7CB008DB1A9 /* EtaskListView.xib */; };
		E98A919C1BF4BB2E008DB1A9 /* EtaskWorkonViewController.swift in Sources */ = {isa = PBXBuildFile; fileRef = E98A919B1BF4BB2E008DB1A9 /* EtaskWorkonViewController.swift */; };
		E98A919E1BF4BBA1008DB1A9 /* EtaskDetailViewController.swift in Sources */ = {isa = PBXBuildFile; fileRef = E98A919D1BF4BBA1008DB1A9 /* EtaskDetailViewController.swift */; };
		E98A91A01BF4BCC8008DB1A9 /* AskListViewController.swift in Sources */ = {isa = PBXBuildFile; fileRef = E98A919F1BF4BCC8008DB1A9 /* AskListViewController.swift */; };
		E98A91A21BF4BCD9008DB1A9 /* AskListView.xib in Resources */ = {isa = PBXBuildFile; fileRef = E98A91A11BF4BCD9008DB1A9 /* AskListView.xib */; };
		E98A91A91BF4BF58008DB1A9 /* StudentBaseViewController.swift in Sources */ = {isa = PBXBuildFile; fileRef = E98A91A81BF4BF58008DB1A9 /* StudentBaseViewController.swift */; };
		E98A91AD1BF4C0B0008DB1A9 /* EtaskDetailView.xib in Resources */ = {isa = PBXBuildFile; fileRef = E98A91AC1BF4C0B0008DB1A9 /* EtaskDetailView.xib */; };
		E98A91AF1BF4C103008DB1A9 /* EtaskWorkonView.xib in Resources */ = {isa = PBXBuildFile; fileRef = E98A91AE1BF4C103008DB1A9 /* EtaskWorkonView.xib */; };
		E98A91B11BF4C20C008DB1A9 /* MeLoginView.xib in Resources */ = {isa = PBXBuildFile; fileRef = E98A91B01BF4C20C008DB1A9 /* MeLoginView.xib */; };
		E98A91B31BF4C216008DB1A9 /* MeAfterLoginView.xib in Resources */ = {isa = PBXBuildFile; fileRef = E98A91B21BF4C216008DB1A9 /* MeAfterLoginView.xib */; };
		E98A91B51BF4C226008DB1A9 /* MeLoginViewController.swift in Sources */ = {isa = PBXBuildFile; fileRef = E98A91B41BF4C226008DB1A9 /* MeLoginViewController.swift */; };
		E98A91B71BF4C233008DB1A9 /* MeAfterLoginViewController.swift in Sources */ = {isa = PBXBuildFile; fileRef = E98A91B61BF4C233008DB1A9 /* MeAfterLoginViewController.swift */; };
		E98A91B91BF4C2A9008DB1A9 /* AskNewViewController.swift in Sources */ = {isa = PBXBuildFile; fileRef = E98A91B81BF4C2A9008DB1A9 /* AskNewViewController.swift */; };
		E98A91BB1BF4C2B3008DB1A9 /* AskDetailViewController.swift in Sources */ = {isa = PBXBuildFile; fileRef = E98A91BA1BF4C2B3008DB1A9 /* AskDetailViewController.swift */; };
		E98A91BD1BF4C2BF008DB1A9 /* AskReplyViewController.swift in Sources */ = {isa = PBXBuildFile; fileRef = E98A91BC1BF4C2BF008DB1A9 /* AskReplyViewController.swift */; };
		E98A91BF1BF4C2D1008DB1A9 /* AskNewView.xib in Resources */ = {isa = PBXBuildFile; fileRef = E98A91BE1BF4C2D1008DB1A9 /* AskNewView.xib */; };
		E98A91C11BF4C2D9008DB1A9 /* AskDetailView.xib in Resources */ = {isa = PBXBuildFile; fileRef = E98A91C01BF4C2D9008DB1A9 /* AskDetailView.xib */; };
		E98A91C31BF4C2E4008DB1A9 /* AskReplyView.xib in Resources */ = {isa = PBXBuildFile; fileRef = E98A91C21BF4C2E4008DB1A9 /* AskReplyView.xib */; };
		E99F58CE1C24CD5A008364C2 /* EtaskQuestion.swift in Sources */ = {isa = PBXBuildFile; fileRef = E99F58CD1C24CD5A008364C2 /* EtaskQuestion.swift */; };
		E99F58D01C24CD88008364C2 /* QuestionTypeEnum.swift in Sources */ = {isa = PBXBuildFile; fileRef = E99F58CF1C24CD88008364C2 /* QuestionTypeEnum.swift */; };
		E99F58D31C24ED79008364C2 /* QuestionTitleView.swift in Sources */ = {isa = PBXBuildFile; fileRef = E99F58D21C24ED79008364C2 /* QuestionTitleView.swift */; };
		E99F58D71C24FB25008364C2 /* DanxuanAnswerControl.swift in Sources */ = {isa = PBXBuildFile; fileRef = E99F58D61C24FB25008364C2 /* DanxuanAnswerControl.swift */; };
		E99F59131C2E981E008364C2 /* QuestionBaseViewController.swift in Sources */ = {isa = PBXBuildFile; fileRef = E99F59121C2E981E008364C2 /* QuestionBaseViewController.swift */; };
		E99F591A1C2EBA22008364C2 /* XuanzetiankongOptionCell.swift in Sources */ = {isa = PBXBuildFile; fileRef = E99F59181C2EBA22008364C2 /* XuanzetiankongOptionCell.swift */; };
		E99F591B1C2EBA22008364C2 /* XuanzetiankongOptionCell.xib in Resources */ = {isa = PBXBuildFile; fileRef = E99F59191C2EBA22008364C2 /* XuanzetiankongOptionCell.xib */; };
		E9AB6E4A1C2F64C200AD1C80 /* TingLiTiankongViewController.swift in Sources */ = {isa = PBXBuildFile; fileRef = E9AB6E481C2F64C200AD1C80 /* TingLiTiankongViewController.swift */; };
		E9AB6E4B1C2F64C200AD1C80 /* TingLiTiankongViewController.xib in Resources */ = {isa = PBXBuildFile; fileRef = E9AB6E491C2F64C200AD1C80 /* TingLiTiankongViewController.xib */; };
/* End PBXBuildFile section */

/* Begin PBXContainerItemProxy section */
		E98A91741BF4B4E9008DB1A9 /* PBXContainerItemProxy */ = {
			isa = PBXContainerItemProxy;
			containerPortal = E98A91571BF4B4E9008DB1A9 /* Project object */;
			proxyType = 1;
			remoteGlobalIDString = E98A915E1BF4B4E9008DB1A9;
			remoteInfo = student;
		};
		E98A917F1BF4B4E9008DB1A9 /* PBXContainerItemProxy */ = {
			isa = PBXContainerItemProxy;
			containerPortal = E98A91571BF4B4E9008DB1A9 /* Project object */;
			proxyType = 1;
			remoteGlobalIDString = E98A915E1BF4B4E9008DB1A9;
			remoteInfo = student;
		};
/* End PBXContainerItemProxy section */

/* Begin PBXFileReference section */
		160F480E1BF8E00900796A49 /* QKColor.swift */ = {isa = PBXFileReference; fileEncoding = 4; lastKnownFileType = sourcecode.swift; path = QKColor.swift; sourceTree = "<group>"; };
		160F48121BFCC9AB00796A49 /* AskTableViewController.swift */ = {isa = PBXFileReference; fileEncoding = 4; lastKnownFileType = sourcecode.swift; path = AskTableViewController.swift; sourceTree = "<group>"; };
		160F48141BFCCF1400796A49 /* AskTableViewCell.swift */ = {isa = PBXFileReference; fileEncoding = 4; lastKnownFileType = sourcecode.swift; path = AskTableViewCell.swift; sourceTree = "<group>"; };
		160F48151BFCCF1400796A49 /* AskTableViewCell.xib */ = {isa = PBXFileReference; fileEncoding = 4; lastKnownFileType = file.xib; path = AskTableViewCell.xib; sourceTree = "<group>"; };
		166AF3071C1BFD4C001028C3 /* AskCellModel.swift */ = {isa = PBXFileReference; fileEncoding = 4; lastKnownFileType = sourcecode.swift; path = AskCellModel.swift; sourceTree = "<group>"; };
		166AF30B1C1BFD99001028C3 /* AskBL.swift */ = {isa = PBXFileReference; fileEncoding = 4; lastKnownFileType = sourcecode.swift; path = AskBL.swift; sourceTree = "<group>"; };
		166AF30D1C1BFDAD001028C3 /* AskDAO.swift */ = {isa = PBXFileReference; fileEncoding = 4; lastKnownFileType = sourcecode.swift; path = AskDAO.swift; sourceTree = "<group>"; };
		166AF3101C1C0E19001028C3 /* EtaskBL.swift */ = {isa = PBXFileReference; fileEncoding = 4; lastKnownFileType = sourcecode.swift; path = EtaskBL.swift; sourceTree = "<group>"; };
		166AF3131C1C0E4F001028C3 /* EtaskDAO.swift */ = {isa = PBXFileReference; fileEncoding = 4; lastKnownFileType = sourcecode.swift; path = EtaskDAO.swift; sourceTree = "<group>"; };
		166AF3151C1C17D1001028C3 /* HttpUtil.swift */ = {isa = PBXFileReference; fileEncoding = 4; lastKnownFileType = sourcecode.swift; path = HttpUtil.swift; sourceTree = "<group>"; };
		166AF3171C1D64C1001028C3 /* NewEtaskListViewController.swift */ = {isa = PBXFileReference; fileEncoding = 4; lastKnownFileType = sourcecode.swift; path = NewEtaskListViewController.swift; sourceTree = "<group>"; };
		166AF3181C1D64C1001028C3 /* NewEtaskListViewController.xib */ = {isa = PBXFileReference; fileEncoding = 4; lastKnownFileType = file.xib; path = NewEtaskListViewController.xib; sourceTree = "<group>"; };
		166AF3211C205A92001028C3 /* DanxuanViewController.swift */ = {isa = PBXFileReference; fileEncoding = 4; lastKnownFileType = sourcecode.swift; path = DanxuanViewController.swift; sourceTree = "<group>"; };
		166AF3221C205A92001028C3 /* DanxuanViewController.xib */ = {isa = PBXFileReference; fileEncoding = 4; lastKnownFileType = file.xib; path = DanxuanViewController.xib; sourceTree = "<group>"; };
		166AF3251C205AE7001028C3 /* PanduanViewController.swift */ = {isa = PBXFileReference; fileEncoding = 4; lastKnownFileType = sourcecode.swift; path = PanduanViewController.swift; sourceTree = "<group>"; };
		166AF3261C205AE7001028C3 /* PanduanViewController.xib */ = {isa = PBXFileReference; fileEncoding = 4; lastKnownFileType = file.xib; path = PanduanViewController.xib; sourceTree = "<group>"; };
		166AF3291C206438001028C3 /* LianxianViewController.swift */ = {isa = PBXFileReference; fileEncoding = 4; lastKnownFileType = sourcecode.swift; path = LianxianViewController.swift; sourceTree = "<group>"; };
		166AF32A1C206438001028C3 /* LianxianViewController.xib */ = {isa = PBXFileReference; fileEncoding = 4; lastKnownFileType = file.xib; path = LianxianViewController.xib; sourceTree = "<group>"; };
		166AF32D1C2073E5001028C3 /* XuanzetiankongViewController.swift */ = {isa = PBXFileReference; fileEncoding = 4; lastKnownFileType = sourcecode.swift; path = XuanzetiankongViewController.swift; sourceTree = "<group>"; };
		166AF32E1C2073E5001028C3 /* XuanzetiankongViewController.xib */ = {isa = PBXFileReference; fileEncoding = 4; lastKnownFileType = file.xib; path = XuanzetiankongViewController.xib; sourceTree = "<group>"; };
		2A7BD90C62B542553D2358FB /* Pods.release.xcconfig */ = {isa = PBXFileReference; includeInIndex = 1; lastKnownFileType = text.xcconfig; name = Pods.release.xcconfig; path = "Pods/Target Support Files/Pods/Pods.release.xcconfig"; sourceTree = "<group>"; };
		7B0D97561C3BC9D600C90D21 /* EtaskAnswer.swift */ = {isa = PBXFileReference; fileEncoding = 4; lastKnownFileType = sourcecode.swift; path = EtaskAnswer.swift; sourceTree = "<group>"; };
		7B7D4C841C2AB7D600527BA0 /* EtaskQuestionOption.swift */ = {isa = PBXFileReference; fileEncoding = 4; lastKnownFileType = sourcecode.swift; path = EtaskQuestionOption.swift; sourceTree = "<group>"; };
		7B99386B1C2BB0C800AFCD12 /* PaiXuCViewController.swift */ = {isa = PBXFileReference; fileEncoding = 4; lastKnownFileType = sourcecode.swift; path = PaiXuCViewController.swift; sourceTree = "<group>"; };
		7B99386C1C2BB0C800AFCD12 /* PaiXuCViewController.xib */ = {isa = PBXFileReference; fileEncoding = 4; lastKnownFileType = file.xib; path = PaiXuCViewController.xib; sourceTree = "<group>"; };
		7BA51ABA1C1B053700B72241 /* EtaskModel.swift */ = {isa = PBXFileReference; fileEncoding = 4; lastKnownFileType = sourcecode.swift; path = EtaskModel.swift; sourceTree = "<group>"; };
		7BA51ABC1C1B05F100B72241 /* UserModel.swift */ = {isa = PBXFileReference; fileEncoding = 4; lastKnownFileType = sourcecode.swift; path = UserModel.swift; sourceTree = "<group>"; };
		8F0067FD1C322BF800406357 /* QuestionAudioView.swift */ = {isa = PBXFileReference; fileEncoding = 4; lastKnownFileType = sourcecode.swift; path = QuestionAudioView.swift; sourceTree = "<group>"; };
		8F3A051F1C321D21008F41F6 /* KouSuanViewController.swift */ = {isa = PBXFileReference; fileEncoding = 4; lastKnownFileType = sourcecode.swift; path = KouSuanViewController.swift; sourceTree = "<group>"; };
		8F3A05201C321D21008F41F6 /* KouSuanViewController.xib */ = {isa = PBXFileReference; fileEncoding = 4; lastKnownFileType = file.xib; path = KouSuanViewController.xib; sourceTree = "<group>"; };
		8F4C04AD1C38EC94004002FA /* KouSuanAnswerSetViewController.swift */ = {isa = PBXFileReference; fileEncoding = 4; lastKnownFileType = sourcecode.swift; lineEnding = 0; path = KouSuanAnswerSetViewController.swift; sourceTree = "<group>"; };
		8F4C04AE1C38EC94004002FA /* KouSuanAnswerSetViewController.xib */ = {isa = PBXFileReference; fileEncoding = 4; lastKnownFileType = file.xib; path = KouSuanAnswerSetViewController.xib; sourceTree = "<group>"; };
		8F4F78091C390E92008791ED /* KouSuanKeyboardViewController.swift */ = {isa = PBXFileReference; fileEncoding = 4; lastKnownFileType = sourcecode.swift; path = KouSuanKeyboardViewController.swift; sourceTree = "<group>"; };
		8F4F780A1C390E92008791ED /* KouSuanKeyboardViewController.xib */ = {isa = PBXFileReference; fileEncoding = 4; lastKnownFileType = file.xib; path = KouSuanKeyboardViewController.xib; sourceTree = "<group>"; };
		8F4F780D1C390EAE008791ED /* KouSuanSpeakViewController.swift */ = {isa = PBXFileReference; fileEncoding = 4; lastKnownFileType = sourcecode.swift; path = KouSuanSpeakViewController.swift; sourceTree = "<group>"; };
		8F4F780E1C390EAE008791ED /* KouSuanSpeakViewController.xib */ = {isa = PBXFileReference; fileEncoding = 4; lastKnownFileType = file.xib; path = KouSuanSpeakViewController.xib; sourceTree = "<group>"; };
		8F4F78111C3915D9008791ED /* BaseDialogViewController.swift */ = {isa = PBXFileReference; fileEncoding = 4; lastKnownFileType = sourcecode.swift; path = BaseDialogViewController.swift; sourceTree = "<group>"; };
		8F8DCC301C31235D007A2640 /* LianXianView.swift */ = {isa = PBXFileReference; fileEncoding = 4; lastKnownFileType = sourcecode.swift; path = LianXianView.swift; sourceTree = "<group>"; };
		8FEE5ABD1C2B882C0027CC41 /* NSUserDefaultUtil.swift */ = {isa = PBXFileReference; fileEncoding = 4; lastKnownFileType = sourcecode.swift; path = NSUserDefaultUtil.swift; sourceTree = "<group>"; };
		8FEE5ABF1C2B88E80027CC41 /* MBPHUDUtil.swift */ = {isa = PBXFileReference; fileEncoding = 4; lastKnownFileType = sourcecode.swift; path = MBPHUDUtil.swift; sourceTree = "<group>"; };
		8FEE82511C3A55E80020CFBF /* passDataDelegate.swift */ = {isa = PBXFileReference; fileEncoding = 4; lastKnownFileType = sourcecode.swift; path = passDataDelegate.swift; sourceTree = "<group>"; };
		8FEE82531C3A98A60020CFBF /* KouSuanResultViewController.swift */ = {isa = PBXFileReference; fileEncoding = 4; lastKnownFileType = sourcecode.swift; path = KouSuanResultViewController.swift; sourceTree = "<group>"; };
		8FEE82541C3A98A60020CFBF /* KouSuanResultViewController.xib */ = {isa = PBXFileReference; fileEncoding = 4; lastKnownFileType = file.xib; path = KouSuanResultViewController.xib; sourceTree = "<group>"; };
		E30A1B991C3365D200C8B3C5 /* AudioManager.swift */ = {isa = PBXFileReference; fileEncoding = 4; lastKnownFileType = sourcecode.swift; path = AudioManager.swift; sourceTree = "<group>"; };
		E30A1B9B1C33A06A00C8B3C5 /* UIPileView.swift */ = {isa = PBXFileReference; fileEncoding = 4; lastKnownFileType = sourcecode.swift; path = UIPileView.swift; sourceTree = "<group>"; };
		E30A1B9D1C33A8AF00C8B3C5 /* AVFoundation.framework */ = {isa = PBXFileReference; lastKnownFileType = wrapper.framework; name = AVFoundation.framework; path = System/Library/Frameworks/AVFoundation.framework; sourceTree = SDKROOT; };
		E30A1B9F1C33A8BA00C8B3C5 /* AudioToolbox.framework */ = {isa = PBXFileReference; lastKnownFileType = wrapper.framework; name = AudioToolbox.framework; path = System/Library/Frameworks/AudioToolbox.framework; sourceTree = SDKROOT; };
		E31797381C3B702D008DCAC7 /* LTRefreshView.swift */ = {isa = PBXFileReference; fileEncoding = 4; lastKnownFileType = sourcecode.swift; path = LTRefreshView.swift; sourceTree = "<group>"; };
		E3365B521C0C66BB002DCCC6 /* HttpRequest.swift */ = {isa = PBXFileReference; fileEncoding = 4; lastKnownFileType = sourcecode.swift; path = HttpRequest.swift; sourceTree = "<group>"; };
		E3365B531C0C66BB002DCCC6 /* ServiceApi.swift */ = {isa = PBXFileReference; fileEncoding = 4; lastKnownFileType = sourcecode.swift; path = ServiceApi.swift; sourceTree = "<group>"; };
		E3365B581C0D29D9002DCCC6 /* LTConfig.swift */ = {isa = PBXFileReference; fileEncoding = 4; lastKnownFileType = sourcecode.swift; path = LTConfig.swift; sourceTree = "<group>"; };
		E3365B5A1C0D2B11002DCCC6 /* Student.swift */ = {isa = PBXFileReference; fileEncoding = 4; lastKnownFileType = sourcecode.swift; path = Student.swift; sourceTree = "<group>"; };
		E3365B5C1C0D5BDF002DCCC6 /* EtaskTableViewCell.swift */ = {isa = PBXFileReference; fileEncoding = 4; lastKnownFileType = sourcecode.swift; path = EtaskTableViewCell.swift; sourceTree = "<group>"; };
		E3365B5D1C0D5BDF002DCCC6 /* EtaskTableViewCell.xib */ = {isa = PBXFileReference; fileEncoding = 4; lastKnownFileType = file.xib; path = EtaskTableViewCell.xib; sourceTree = "<group>"; };
		E33A3B551C3B9CFE003E8B01 /* arrow.png */ = {isa = PBXFileReference; lastKnownFileType = image.png; path = arrow.png; sourceTree = "<group>"; };
		E37F727D1C2A6E40002FF8BE /* ProgressBar.swift */ = {isa = PBXFileReference; fileEncoding = 4; lastKnownFileType = sourcecode.swift; path = ProgressBar.swift; sourceTree = "<group>"; };
		E37F727E1C2A6E40002FF8BE /* ProgressView.swift */ = {isa = PBXFileReference; fileEncoding = 4; lastKnownFileType = sourcecode.swift; path = ProgressView.swift; sourceTree = "<group>"; };
		E3B545F61C22C524001EE63C /* MainViewController.swift */ = {isa = PBXFileReference; fileEncoding = 4; lastKnownFileType = sourcecode.swift; path = MainViewController.swift; sourceTree = "<group>"; };
		E3CE95D01C3A046900059069 /* FollowReadingViewController.swift */ = {isa = PBXFileReference; fileEncoding = 4; lastKnownFileType = sourcecode.swift; path = FollowReadingViewController.swift; sourceTree = "<group>"; };
		E3CE95D11C3A046900059069 /* FollowReadingViewController.xib */ = {isa = PBXFileReference; fileEncoding = 4; lastKnownFileType = file.xib; path = FollowReadingViewController.xib; sourceTree = "<group>"; };
		E3E9BEF11C2BCE1900DF28F9 /* ArrowMenu.swift */ = {isa = PBXFileReference; fileEncoding = 4; lastKnownFileType = sourcecode.swift; path = ArrowMenu.swift; sourceTree = "<group>"; };
		E3E9BEF21C2BCE1900DF28F9 /* ArrowView.swift */ = {isa = PBXFileReference; fileEncoding = 4; lastKnownFileType = sourcecode.swift; path = ArrowView.swift; sourceTree = "<group>"; };
		E3E9BEF51C2BDB9800DF28F9 /* StatusView.swift */ = {isa = PBXFileReference; fileEncoding = 4; lastKnownFileType = sourcecode.swift; path = StatusView.swift; sourceTree = "<group>"; };
		E3EBE6271C26A9580050F02E /* BubbleView.swift */ = {isa = PBXFileReference; fileEncoding = 4; lastKnownFileType = sourcecode.swift; path = BubbleView.swift; sourceTree = "<group>"; };
		E3FB736A1C06A26C00E76E55 /* EtaskTableViewController.swift */ = {isa = PBXFileReference; fileEncoding = 4; lastKnownFileType = sourcecode.swift; path = EtaskTableViewController.swift; sourceTree = "<group>"; };
		E3FC711B1C30D378002FFEE1 /* ReadingViewController.swift */ = {isa = PBXFileReference; fileEncoding = 4; lastKnownFileType = sourcecode.swift; path = ReadingViewController.swift; sourceTree = "<group>"; };
		E3FC711C1C30D378002FFEE1 /* ReadingViewController.xib */ = {isa = PBXFileReference; fileEncoding = 4; lastKnownFileType = file.xib; path = ReadingViewController.xib; sourceTree = "<group>"; };
		E3FC71491C313DF5002FFEE1 /* UIImage+Gif.swift */ = {isa = PBXFileReference; fileEncoding = 4; lastKnownFileType = sourcecode.swift; path = "UIImage+Gif.swift"; sourceTree = "<group>"; };
		E3FC714C1C313E37002FFEE1 /* yuyin.gif */ = {isa = PBXFileReference; lastKnownFileType = image.gif; name = yuyin.gif; path = Assets.xcassets/yuyin.imageset/yuyin.gif; sourceTree = "<group>"; };
		E3FC714D1C313E37002FFEE1 /* yuyin@2x.gif */ = {isa = PBXFileReference; lastKnownFileType = image.gif; name = "yuyin@2x.gif"; path = "Assets.xcassets/yuyin.imageset/yuyin@2x.gif"; sourceTree = "<group>"; };
		E3FC714E1C313E37002FFEE1 /* yuyin@3x.gif */ = {isa = PBXFileReference; lastKnownFileType = image.gif; name = "yuyin@3x.gif"; path = "Assets.xcassets/yuyin.imageset/yuyin@3x.gif"; sourceTree = "<group>"; };
		E3FC71541C313F99002FFEE1 /* ImageButton.swift */ = {isa = PBXFileReference; fileEncoding = 4; lastKnownFileType = sourcecode.swift; path = ImageButton.swift; sourceTree = "<group>"; };
		E3FC71561C314408002FFEE1 /* ViewControllerBackDelegate.swift */ = {isa = PBXFileReference; fileEncoding = 4; lastKnownFileType = sourcecode.swift; path = ViewControllerBackDelegate.swift; sourceTree = "<group>"; };
		E3FFE1F11C32679C004336DB /* AudioProgressView.swift */ = {isa = PBXFileReference; fileEncoding = 4; lastKnownFileType = sourcecode.swift; path = AudioProgressView.swift; sourceTree = "<group>"; };
		E98A915F1BF4B4E9008DB1A9 /* student.app */ = {isa = PBXFileReference; explicitFileType = wrapper.application; includeInIndex = 0; path = student.app; sourceTree = BUILT_PRODUCTS_DIR; };
		E98A91621BF4B4E9008DB1A9 /* AppDelegate.swift */ = {isa = PBXFileReference; lastKnownFileType = sourcecode.swift; path = AppDelegate.swift; sourceTree = "<group>"; };
		E98A91671BF4B4E9008DB1A9 /* Base */ = {isa = PBXFileReference; lastKnownFileType = file.storyboard; name = Base; path = Base.lproj/Main.storyboard; sourceTree = "<group>"; };
		E98A91691BF4B4E9008DB1A9 /* Assets.xcassets */ = {isa = PBXFileReference; lastKnownFileType = folder.assetcatalog; path = Assets.xcassets; sourceTree = "<group>"; };
		E98A916C1BF4B4E9008DB1A9 /* Base */ = {isa = PBXFileReference; lastKnownFileType = file.storyboard; name = Base; path = Base.lproj/LaunchScreen.storyboard; sourceTree = "<group>"; };
		E98A916E1BF4B4E9008DB1A9 /* Info.plist */ = {isa = PBXFileReference; lastKnownFileType = text.plist.xml; path = Info.plist; sourceTree = "<group>"; };
		E98A91731BF4B4E9008DB1A9 /* studentTests.xctest */ = {isa = PBXFileReference; explicitFileType = wrapper.cfbundle; includeInIndex = 0; path = studentTests.xctest; sourceTree = BUILT_PRODUCTS_DIR; };
		E98A91771BF4B4E9008DB1A9 /* studentTests.swift */ = {isa = PBXFileReference; lastKnownFileType = sourcecode.swift; path = studentTests.swift; sourceTree = "<group>"; };
		E98A91791BF4B4E9008DB1A9 /* Info.plist */ = {isa = PBXFileReference; lastKnownFileType = text.plist.xml; path = Info.plist; sourceTree = "<group>"; };
		E98A917E1BF4B4E9008DB1A9 /* studentUITests.xctest */ = {isa = PBXFileReference; explicitFileType = wrapper.cfbundle; includeInIndex = 0; path = studentUITests.xctest; sourceTree = BUILT_PRODUCTS_DIR; };
		E98A91821BF4B4E9008DB1A9 /* studentUITests.swift */ = {isa = PBXFileReference; lastKnownFileType = sourcecode.swift; path = studentUITests.swift; sourceTree = "<group>"; };
		E98A91841BF4B4E9008DB1A9 /* Info.plist */ = {isa = PBXFileReference; lastKnownFileType = text.plist.xml; path = Info.plist; sourceTree = "<group>"; };
		E98A91931BF4B7A6008DB1A9 /* EtaskListViewController.swift */ = {isa = PBXFileReference; fileEncoding = 4; lastKnownFileType = sourcecode.swift; path = EtaskListViewController.swift; sourceTree = "<group>"; };
		E98A91951BF4B7CB008DB1A9 /* EtaskListView.xib */ = {isa = PBXFileReference; fileEncoding = 4; lastKnownFileType = file.xib; path = EtaskListView.xib; sourceTree = "<group>"; };
		E98A919B1BF4BB2E008DB1A9 /* EtaskWorkonViewController.swift */ = {isa = PBXFileReference; fileEncoding = 4; lastKnownFileType = sourcecode.swift; path = EtaskWorkonViewController.swift; sourceTree = "<group>"; };
		E98A919D1BF4BBA1008DB1A9 /* EtaskDetailViewController.swift */ = {isa = PBXFileReference; fileEncoding = 4; lastKnownFileType = sourcecode.swift; path = EtaskDetailViewController.swift; sourceTree = "<group>"; };
		E98A919F1BF4BCC8008DB1A9 /* AskListViewController.swift */ = {isa = PBXFileReference; fileEncoding = 4; lastKnownFileType = sourcecode.swift; path = AskListViewController.swift; sourceTree = "<group>"; };
		E98A91A11BF4BCD9008DB1A9 /* AskListView.xib */ = {isa = PBXFileReference; fileEncoding = 4; lastKnownFileType = file.xib; path = AskListView.xib; sourceTree = "<group>"; };
		E98A91A81BF4BF58008DB1A9 /* StudentBaseViewController.swift */ = {isa = PBXFileReference; fileEncoding = 4; lastKnownFileType = sourcecode.swift; path = StudentBaseViewController.swift; sourceTree = "<group>"; };
		E98A91AC1BF4C0B0008DB1A9 /* EtaskDetailView.xib */ = {isa = PBXFileReference; fileEncoding = 4; lastKnownFileType = file.xib; path = EtaskDetailView.xib; sourceTree = "<group>"; };
		E98A91AE1BF4C103008DB1A9 /* EtaskWorkonView.xib */ = {isa = PBXFileReference; fileEncoding = 4; lastKnownFileType = file.xib; path = EtaskWorkonView.xib; sourceTree = "<group>"; };
		E98A91B01BF4C20C008DB1A9 /* MeLoginView.xib */ = {isa = PBXFileReference; fileEncoding = 4; lastKnownFileType = file.xib; path = MeLoginView.xib; sourceTree = "<group>"; };
		E98A91B21BF4C216008DB1A9 /* MeAfterLoginView.xib */ = {isa = PBXFileReference; fileEncoding = 4; lastKnownFileType = file.xib; path = MeAfterLoginView.xib; sourceTree = "<group>"; };
		E98A91B41BF4C226008DB1A9 /* MeLoginViewController.swift */ = {isa = PBXFileReference; fileEncoding = 4; lastKnownFileType = sourcecode.swift; path = MeLoginViewController.swift; sourceTree = "<group>"; };
		E98A91B61BF4C233008DB1A9 /* MeAfterLoginViewController.swift */ = {isa = PBXFileReference; fileEncoding = 4; lastKnownFileType = sourcecode.swift; path = MeAfterLoginViewController.swift; sourceTree = "<group>"; };
		E98A91B81BF4C2A9008DB1A9 /* AskNewViewController.swift */ = {isa = PBXFileReference; fileEncoding = 4; lastKnownFileType = sourcecode.swift; path = AskNewViewController.swift; sourceTree = "<group>"; };
		E98A91BA1BF4C2B3008DB1A9 /* AskDetailViewController.swift */ = {isa = PBXFileReference; fileEncoding = 4; lastKnownFileType = sourcecode.swift; path = AskDetailViewController.swift; sourceTree = "<group>"; };
		E98A91BC1BF4C2BF008DB1A9 /* AskReplyViewController.swift */ = {isa = PBXFileReference; fileEncoding = 4; lastKnownFileType = sourcecode.swift; path = AskReplyViewController.swift; sourceTree = "<group>"; };
		E98A91BE1BF4C2D1008DB1A9 /* AskNewView.xib */ = {isa = PBXFileReference; fileEncoding = 4; lastKnownFileType = file.xib; path = AskNewView.xib; sourceTree = "<group>"; };
		E98A91C01BF4C2D9008DB1A9 /* AskDetailView.xib */ = {isa = PBXFileReference; fileEncoding = 4; lastKnownFileType = file.xib; path = AskDetailView.xib; sourceTree = "<group>"; };
		E98A91C21BF4C2E4008DB1A9 /* AskReplyView.xib */ = {isa = PBXFileReference; fileEncoding = 4; lastKnownFileType = file.xib; path = AskReplyView.xib; sourceTree = "<group>"; };
		E99F58CD1C24CD5A008364C2 /* EtaskQuestion.swift */ = {isa = PBXFileReference; fileEncoding = 4; lastKnownFileType = sourcecode.swift; path = EtaskQuestion.swift; sourceTree = "<group>"; };
		E99F58CF1C24CD88008364C2 /* QuestionTypeEnum.swift */ = {isa = PBXFileReference; fileEncoding = 4; lastKnownFileType = sourcecode.swift; path = QuestionTypeEnum.swift; sourceTree = "<group>"; };
		E99F58D21C24ED79008364C2 /* QuestionTitleView.swift */ = {isa = PBXFileReference; fileEncoding = 4; lastKnownFileType = sourcecode.swift; path = QuestionTitleView.swift; sourceTree = "<group>"; };
		E99F58D61C24FB25008364C2 /* DanxuanAnswerControl.swift */ = {isa = PBXFileReference; fileEncoding = 4; lastKnownFileType = sourcecode.swift; path = DanxuanAnswerControl.swift; sourceTree = "<group>"; };
		E99F59121C2E981E008364C2 /* QuestionBaseViewController.swift */ = {isa = PBXFileReference; fileEncoding = 4; lastKnownFileType = sourcecode.swift; path = QuestionBaseViewController.swift; sourceTree = "<group>"; };
		E99F59181C2EBA22008364C2 /* XuanzetiankongOptionCell.swift */ = {isa = PBXFileReference; fileEncoding = 4; lastKnownFileType = sourcecode.swift; path = XuanzetiankongOptionCell.swift; sourceTree = "<group>"; };
		E99F59191C2EBA22008364C2 /* XuanzetiankongOptionCell.xib */ = {isa = PBXFileReference; fileEncoding = 4; lastKnownFileType = file.xib; path = XuanzetiankongOptionCell.xib; sourceTree = "<group>"; };
		E9AB6E481C2F64C200AD1C80 /* TingLiTiankongViewController.swift */ = {isa = PBXFileReference; fileEncoding = 4; lastKnownFileType = sourcecode.swift; path = TingLiTiankongViewController.swift; sourceTree = "<group>"; };
		E9AB6E491C2F64C200AD1C80 /* TingLiTiankongViewController.xib */ = {isa = PBXFileReference; fileEncoding = 4; lastKnownFileType = file.xib; path = TingLiTiankongViewController.xib; sourceTree = "<group>"; };
		F5670F7DD0BB736829B053F1 /* Pods.debug.xcconfig */ = {isa = PBXFileReference; includeInIndex = 1; lastKnownFileType = text.xcconfig; name = Pods.debug.xcconfig; path = "Pods/Target Support Files/Pods/Pods.debug.xcconfig"; sourceTree = "<group>"; };
		F79F60162D9117FBADC31C41 /* Pods.framework */ = {isa = PBXFileReference; explicitFileType = wrapper.framework; includeInIndex = 0; path = Pods.framework; sourceTree = BUILT_PRODUCTS_DIR; };
/* End PBXFileReference section */

/* Begin PBXFrameworksBuildPhase section */
		E98A915C1BF4B4E9008DB1A9 /* Frameworks */ = {
			isa = PBXFrameworksBuildPhase;
			buildActionMask = 2147483647;
			files = (
				E30A1BA01C33A8BA00C8B3C5 /* AudioToolbox.framework in Frameworks */,
				E30A1B9E1C33A8AF00C8B3C5 /* AVFoundation.framework in Frameworks */,
				A0AF8496FABF9131CEB2A5C0 /* Pods.framework in Frameworks */,
			);
			runOnlyForDeploymentPostprocessing = 0;
		};
		E98A91701BF4B4E9008DB1A9 /* Frameworks */ = {
			isa = PBXFrameworksBuildPhase;
			buildActionMask = 2147483647;
			files = (
			);
			runOnlyForDeploymentPostprocessing = 0;
		};
		E98A917B1BF4B4E9008DB1A9 /* Frameworks */ = {
			isa = PBXFrameworksBuildPhase;
			buildActionMask = 2147483647;
			files = (
			);
			runOnlyForDeploymentPostprocessing = 0;
		};
/* End PBXFrameworksBuildPhase section */

/* Begin PBXGroup section */
		166AF3091C1BFD74001028C3 /* BusinessLogicalLayer */ = {
			isa = PBXGroup;
			children = (
				166AF30B1C1BFD99001028C3 /* AskBL.swift */,
			);
			name = BusinessLogicalLayer;
			sourceTree = "<group>";
		};
		166AF30A1C1BFD85001028C3 /* DAO */ = {
			isa = PBXGroup;
			children = (
				166AF30D1C1BFDAD001028C3 /* AskDAO.swift */,
			);
			name = DAO;
			sourceTree = "<group>";
		};
		166AF30F1C1C0E06001028C3 /* BusinessLogicLayer */ = {
			isa = PBXGroup;
			children = (
				166AF3101C1C0E19001028C3 /* EtaskBL.swift */,
			);
			name = BusinessLogicLayer;
			sourceTree = "<group>";
		};
		166AF3121C1C0E41001028C3 /* DAO */ = {
			isa = PBXGroup;
			children = (
				166AF3131C1C0E4F001028C3 /* EtaskDAO.swift */,
			);
			name = DAO;
			sourceTree = "<group>";
		};
		166AF3201C20581E001028C3 /* QuestionType */ = {
			isa = PBXGroup;
			children = (
				8F4C04AC1C38EC6C004002FA /* kouSuan */,
				E3FC714B1C313E24002FFEE1 /* Gifs */,
				E3FC71541C313F99002FFEE1 /* ImageButton.swift */,
				E3FC71491C313DF5002FFEE1 /* UIImage+Gif.swift */,
				E99F59121C2E981E008364C2 /* QuestionBaseViewController.swift */,
				166AF3211C205A92001028C3 /* DanxuanViewController.swift */,
				166AF3221C205A92001028C3 /* DanxuanViewController.xib */,
				7B99386B1C2BB0C800AFCD12 /* PaiXuCViewController.swift */,
				7B99386C1C2BB0C800AFCD12 /* PaiXuCViewController.xib */,
				166AF3251C205AE7001028C3 /* PanduanViewController.swift */,
				166AF3261C205AE7001028C3 /* PanduanViewController.xib */,
				166AF3291C206438001028C3 /* LianxianViewController.swift */,
				166AF32A1C206438001028C3 /* LianxianViewController.xib */,
				166AF32D1C2073E5001028C3 /* XuanzetiankongViewController.swift */,
				166AF32E1C2073E5001028C3 /* XuanzetiankongViewController.xib */,
				E99F59181C2EBA22008364C2 /* XuanzetiankongOptionCell.swift */,
				E99F59191C2EBA22008364C2 /* XuanzetiankongOptionCell.xib */,
				E9AB6E481C2F64C200AD1C80 /* TingLiTiankongViewController.swift */,
				E9AB6E491C2F64C200AD1C80 /* TingLiTiankongViewController.xib */,
				E3FC711B1C30D378002FFEE1 /* ReadingViewController.swift */,
				E3FC711C1C30D378002FFEE1 /* ReadingViewController.xib */,
				E3CE95D01C3A046900059069 /* FollowReadingViewController.swift */,
				E3CE95D11C3A046900059069 /* FollowReadingViewController.xib */,
				8F3A051F1C321D21008F41F6 /* KouSuanViewController.swift */,
				8F3A05201C321D21008F41F6 /* KouSuanViewController.xib */,
			);
			name = QuestionType;
			sourceTree = "<group>";
		};
		1AC900323358021ACE2A7D42 /* Frameworks */ = {
			isa = PBXGroup;
			children = (
				E30A1B9F1C33A8BA00C8B3C5 /* AudioToolbox.framework */,
				E30A1B9D1C33A8AF00C8B3C5 /* AVFoundation.framework */,
				F79F60162D9117FBADC31C41 /* Pods.framework */,
			);
			name = Frameworks;
			sourceTree = "<group>";
		};
		21D53F7B63EC5F6F4530F45D /* Pods */ = {
			isa = PBXGroup;
			children = (
				F5670F7DD0BB736829B053F1 /* Pods.debug.xcconfig */,
				2A7BD90C62B542553D2358FB /* Pods.release.xcconfig */,
			);
			name = Pods;
			sourceTree = "<group>";
		};
		7BA51AB91C1B051400B72241 /* model */ = {
			isa = PBXGroup;
			children = (
				166AF3071C1BFD4C001028C3 /* AskCellModel.swift */,
				7BA51ABA1C1B053700B72241 /* EtaskModel.swift */,
				7B0D97561C3BC9D600C90D21 /* EtaskAnswer.swift */,
				7B7D4C841C2AB7D600527BA0 /* EtaskQuestionOption.swift */,
				7BA51ABC1C1B05F100B72241 /* UserModel.swift */,
				E99F58CD1C24CD5A008364C2 /* EtaskQuestion.swift */,
				E99F58CF1C24CD88008364C2 /* QuestionTypeEnum.swift */,
			);
			name = model;
			sourceTree = "<group>";
		};
		8F4C04AC1C38EC6C004002FA /* kouSuan */ = {
			isa = PBXGroup;
			children = (
				8F4F78111C3915D9008791ED /* BaseDialogViewController.swift */,
				8F4C04AD1C38EC94004002FA /* KouSuanAnswerSetViewController.swift */,
				8F4C04AE1C38EC94004002FA /* KouSuanAnswerSetViewController.xib */,
				8F4F78091C390E92008791ED /* KouSuanKeyboardViewController.swift */,
				8F4F780A1C390E92008791ED /* KouSuanKeyboardViewController.xib */,
				8FEE82531C3A98A60020CFBF /* KouSuanResultViewController.swift */,
				8FEE82541C3A98A60020CFBF /* KouSuanResultViewController.xib */,
				8F4F780D1C390EAE008791ED /* KouSuanSpeakViewController.swift */,
				8F4F780E1C390EAE008791ED /* KouSuanSpeakViewController.xib */,
				8FEE82511C3A55E80020CFBF /* passDataDelegate.swift */,
			);
			name = kouSuan;
			sourceTree = "<group>";
		};
		E3365B511C0C66A2002DCCC6 /* http */ = {
			isa = PBXGroup;
			children = (
				E3365B521C0C66BB002DCCC6 /* HttpRequest.swift */,
				E3365B531C0C66BB002DCCC6 /* ServiceApi.swift */,
				166AF3151C1C17D1001028C3 /* HttpUtil.swift */,
			);
			name = http;
			sourceTree = "<group>";
		};
		E3FC714B1C313E24002FFEE1 /* Gifs */ = {
			isa = PBXGroup;
			children = (
				E3FC714C1C313E37002FFEE1 /* yuyin.gif */,
				E3FC714D1C313E37002FFEE1 /* yuyin@2x.gif */,
				E3FC714E1C313E37002FFEE1 /* yuyin@3x.gif */,
			);
			name = Gifs;
			sourceTree = "<group>";
		};
		E98A91561BF4B4E9008DB1A9 = {
			isa = PBXGroup;
			children = (
				E98A91611BF4B4E9008DB1A9 /* student */,
				E98A91761BF4B4E9008DB1A9 /* studentTests */,
				E98A91811BF4B4E9008DB1A9 /* studentUITests */,
				E98A91601BF4B4E9008DB1A9 /* Products */,
				21D53F7B63EC5F6F4530F45D /* Pods */,
				1AC900323358021ACE2A7D42 /* Frameworks */,
			);
			sourceTree = "<group>";
		};
		E98A91601BF4B4E9008DB1A9 /* Products */ = {
			isa = PBXGroup;
			children = (
				E98A915F1BF4B4E9008DB1A9 /* student.app */,
				E98A91731BF4B4E9008DB1A9 /* studentTests.xctest */,
				E98A917E1BF4B4E9008DB1A9 /* studentUITests.xctest */,
			);
			name = Products;
			sourceTree = "<group>";
		};
		E98A91611BF4B4E9008DB1A9 /* student */ = {
			isa = PBXGroup;
			children = (
				7BA51AB91C1B051400B72241 /* model */,
				E3365B511C0C66A2002DCCC6 /* http */,
				E98A91A71BF4BF42008DB1A9 /* common */,
				E98A91921BF4B564008DB1A9 /* etask */,
				E98A91911BF4B55F008DB1A9 /* ask */,
				E98A91901BF4B558008DB1A9 /* me */,
				E98A91621BF4B4E9008DB1A9 /* AppDelegate.swift */,
				E3B545F61C22C524001EE63C /* MainViewController.swift */,
				E98A91661BF4B4E9008DB1A9 /* Main.storyboard */,
				E98A91691BF4B4E9008DB1A9 /* Assets.xcassets */,
				E98A916B1BF4B4E9008DB1A9 /* LaunchScreen.storyboard */,
				E98A916E1BF4B4E9008DB1A9 /* Info.plist */,
			);
			path = student;
			sourceTree = "<group>";
		};
		E98A91761BF4B4E9008DB1A9 /* studentTests */ = {
			isa = PBXGroup;
			children = (
				E98A91771BF4B4E9008DB1A9 /* studentTests.swift */,
				E98A91791BF4B4E9008DB1A9 /* Info.plist */,
			);
			path = studentTests;
			sourceTree = "<group>";
		};
		E98A91811BF4B4E9008DB1A9 /* studentUITests */ = {
			isa = PBXGroup;
			children = (
				E98A91821BF4B4E9008DB1A9 /* studentUITests.swift */,
				E98A91841BF4B4E9008DB1A9 /* Info.plist */,
			);
			path = studentUITests;
			sourceTree = "<group>";
		};
		E98A91901BF4B558008DB1A9 /* me */ = {
			isa = PBXGroup;
			children = (
				E98A91B21BF4C216008DB1A9 /* MeAfterLoginView.xib */,
				E98A91B61BF4C233008DB1A9 /* MeAfterLoginViewController.swift */,
				E98A91B01BF4C20C008DB1A9 /* MeLoginView.xib */,
				E98A91B41BF4C226008DB1A9 /* MeLoginViewController.swift */,
			);
			name = me;
			sourceTree = "<group>";
		};
		E98A91911BF4B55F008DB1A9 /* ask */ = {
			isa = PBXGroup;
			children = (
				166AF30A1C1BFD85001028C3 /* DAO */,
				166AF3091C1BFD74001028C3 /* BusinessLogicalLayer */,
				E98A919F1BF4BCC8008DB1A9 /* AskListViewController.swift */,
				E98A91A11BF4BCD9008DB1A9 /* AskListView.xib */,
				E98A91B81BF4C2A9008DB1A9 /* AskNewViewController.swift */,
				E98A91BE1BF4C2D1008DB1A9 /* AskNewView.xib */,
				E98A91BA1BF4C2B3008DB1A9 /* AskDetailViewController.swift */,
				E98A91C01BF4C2D9008DB1A9 /* AskDetailView.xib */,
				E98A91BC1BF4C2BF008DB1A9 /* AskReplyViewController.swift */,
				E98A91C21BF4C2E4008DB1A9 /* AskReplyView.xib */,
				160F48121BFCC9AB00796A49 /* AskTableViewController.swift */,
				160F48141BFCCF1400796A49 /* AskTableViewCell.swift */,
				160F48151BFCCF1400796A49 /* AskTableViewCell.xib */,
			);
			name = ask;
			sourceTree = "<group>";
		};
		E98A91921BF4B564008DB1A9 /* etask */ = {
			isa = PBXGroup;
			children = (
				E30A1B9B1C33A06A00C8B3C5 /* UIPileView.swift */,
				E3E9BEF11C2BCE1900DF28F9 /* ArrowMenu.swift */,
				E3E9BEF21C2BCE1900DF28F9 /* ArrowView.swift */,
				E3EBE6271C26A9580050F02E /* BubbleView.swift */,
				E37F727D1C2A6E40002FF8BE /* ProgressBar.swift */,
				E37F727E1C2A6E40002FF8BE /* ProgressView.swift */,
				E3E9BEF51C2BDB9800DF28F9 /* StatusView.swift */,
				E3FFE1F11C32679C004336DB /* AudioProgressView.swift */,
				E99F58D11C24ED23008364C2 /* uicomponents */,
				166AF3201C20581E001028C3 /* QuestionType */,
				166AF3121C1C0E41001028C3 /* DAO */,
				166AF30F1C1C0E06001028C3 /* BusinessLogicLayer */,
				E98A91931BF4B7A6008DB1A9 /* EtaskListViewController.swift */,
				E98A91951BF4B7CB008DB1A9 /* EtaskListView.xib */,
				E31797381C3B702D008DCAC7 /* LTRefreshView.swift */,
				E33A3B551C3B9CFE003E8B01 /* arrow.png */,
				E98A919B1BF4BB2E008DB1A9 /* EtaskWorkonViewController.swift */,
				E98A91AE1BF4C103008DB1A9 /* EtaskWorkonView.xib */,
				E98A919D1BF4BBA1008DB1A9 /* EtaskDetailViewController.swift */,
				E98A91AC1BF4C0B0008DB1A9 /* EtaskDetailView.xib */,
				E3FB736A1C06A26C00E76E55 /* EtaskTableViewController.swift */,
				E3365B5C1C0D5BDF002DCCC6 /* EtaskTableViewCell.swift */,
				E3365B5D1C0D5BDF002DCCC6 /* EtaskTableViewCell.xib */,
				166AF3171C1D64C1001028C3 /* NewEtaskListViewController.swift */,
				166AF3181C1D64C1001028C3 /* NewEtaskListViewController.xib */,
			);
			name = etask;
			sourceTree = "<group>";
		};
		E98A91A71BF4BF42008DB1A9 /* common */ = {
			isa = PBXGroup;
			children = (
				E30A1B991C3365D200C8B3C5 /* AudioManager.swift */,
				E98A91A81BF4BF58008DB1A9 /* StudentBaseViewController.swift */,
				160F480E1BF8E00900796A49 /* QKColor.swift */,
				E3365B581C0D29D9002DCCC6 /* LTConfig.swift */,
				E3365B5A1C0D2B11002DCCC6 /* Student.swift */,
				8FEE5ABD1C2B882C0027CC41 /* NSUserDefaultUtil.swift */,
				8FEE5ABF1C2B88E80027CC41 /* MBPHUDUtil.swift */,
				E3FC71561C314408002FFEE1 /* ViewControllerBackDelegate.swift */,
			);
			name = common;
			sourceTree = "<group>";
		};
		E99F58D11C24ED23008364C2 /* uicomponents */ = {
			isa = PBXGroup;
			children = (
				E99F58D21C24ED79008364C2 /* QuestionTitleView.swift */,
				E99F58D61C24FB25008364C2 /* DanxuanAnswerControl.swift */,
				8F8DCC301C31235D007A2640 /* LianXianView.swift */,
				8F0067FD1C322BF800406357 /* QuestionAudioView.swift */,
			);
			name = uicomponents;
			sourceTree = "<group>";
		};
/* End PBXGroup section */

/* Begin PBXNativeTarget section */
		E98A915E1BF4B4E9008DB1A9 /* student */ = {
			isa = PBXNativeTarget;
			buildConfigurationList = E98A91871BF4B4E9008DB1A9 /* Build configuration list for PBXNativeTarget "student" */;
			buildPhases = (
				F2E051B498E36486902C177C /* Check Pods Manifest.lock */,
				E98A915B1BF4B4E9008DB1A9 /* Sources */,
				E98A915C1BF4B4E9008DB1A9 /* Frameworks */,
				E98A915D1BF4B4E9008DB1A9 /* Resources */,
				9662E2126B34585087A6581C /* Embed Pods Frameworks */,
				9A6DD5CD0AE8DA28C158AEAE /* Copy Pods Resources */,
			);
			buildRules = (
			);
			dependencies = (
			);
			name = student;
			productName = student;
			productReference = E98A915F1BF4B4E9008DB1A9 /* student.app */;
			productType = "com.apple.product-type.application";
		};
		E98A91721BF4B4E9008DB1A9 /* studentTests */ = {
			isa = PBXNativeTarget;
			buildConfigurationList = E98A918A1BF4B4E9008DB1A9 /* Build configuration list for PBXNativeTarget "studentTests" */;
			buildPhases = (
				E98A916F1BF4B4E9008DB1A9 /* Sources */,
				E98A91701BF4B4E9008DB1A9 /* Frameworks */,
				E98A91711BF4B4E9008DB1A9 /* Resources */,
			);
			buildRules = (
			);
			dependencies = (
				E98A91751BF4B4E9008DB1A9 /* PBXTargetDependency */,
			);
			name = studentTests;
			productName = studentTests;
			productReference = E98A91731BF4B4E9008DB1A9 /* studentTests.xctest */;
			productType = "com.apple.product-type.bundle.unit-test";
		};
		E98A917D1BF4B4E9008DB1A9 /* studentUITests */ = {
			isa = PBXNativeTarget;
			buildConfigurationList = E98A918D1BF4B4E9008DB1A9 /* Build configuration list for PBXNativeTarget "studentUITests" */;
			buildPhases = (
				E98A917A1BF4B4E9008DB1A9 /* Sources */,
				E98A917B1BF4B4E9008DB1A9 /* Frameworks */,
				E98A917C1BF4B4E9008DB1A9 /* Resources */,
			);
			buildRules = (
			);
			dependencies = (
				E98A91801BF4B4E9008DB1A9 /* PBXTargetDependency */,
			);
			name = studentUITests;
			productName = studentUITests;
			productReference = E98A917E1BF4B4E9008DB1A9 /* studentUITests.xctest */;
			productType = "com.apple.product-type.bundle.ui-testing";
		};
/* End PBXNativeTarget section */

/* Begin PBXProject section */
		E98A91571BF4B4E9008DB1A9 /* Project object */ = {
			isa = PBXProject;
			attributes = {
				LastUpgradeCheck = 0700;
				ORGANIZATIONNAME = singlu;
				TargetAttributes = {
					E98A915E1BF4B4E9008DB1A9 = {
						CreatedOnToolsVersion = 7.0;
						DevelopmentTeam = 8W263924Q3;
					};
					E98A91721BF4B4E9008DB1A9 = {
						CreatedOnToolsVersion = 7.0;
						DevelopmentTeam = 594PZ97R95;
						TestTargetID = E98A915E1BF4B4E9008DB1A9;
					};
					E98A917D1BF4B4E9008DB1A9 = {
						CreatedOnToolsVersion = 7.0;
						DevelopmentTeam = 594PZ97R95;
						TestTargetID = E98A915E1BF4B4E9008DB1A9;
					};
				};
			};
			buildConfigurationList = E98A915A1BF4B4E9008DB1A9 /* Build configuration list for PBXProject "student" */;
			compatibilityVersion = "Xcode 3.2";
			developmentRegion = English;
			hasScannedForEncodings = 0;
			knownRegions = (
				en,
				Base,
			);
			mainGroup = E98A91561BF4B4E9008DB1A9;
			productRefGroup = E98A91601BF4B4E9008DB1A9 /* Products */;
			projectDirPath = "";
			projectRoot = "";
			targets = (
				E98A915E1BF4B4E9008DB1A9 /* student */,
				E98A91721BF4B4E9008DB1A9 /* studentTests */,
				E98A917D1BF4B4E9008DB1A9 /* studentUITests */,
			);
		};
/* End PBXProject section */

/* Begin PBXResourcesBuildPhase section */
		E98A915D1BF4B4E9008DB1A9 /* Resources */ = {
			isa = PBXResourcesBuildPhase;
			buildActionMask = 2147483647;
			files = (
				E3FC71501C313E37002FFEE1 /* yuyin@2x.gif in Resources */,
				8F4F78101C390EAE008791ED /* KouSuanSpeakViewController.xib in Resources */,
				E33A3B561C3B9CFE003E8B01 /* arrow.png in Resources */,
				166AF3301C2073E5001028C3 /* XuanzetiankongViewController.xib in Resources */,
				E98A916D1BF4B4E9008DB1A9 /* LaunchScreen.storyboard in Resources */,
				E3365B5F1C0D5BDF002DCCC6 /* EtaskTableViewCell.xib in Resources */,
				E3FC714F1C313E37002FFEE1 /* yuyin.gif in Resources */,
				E98A91BF1BF4C2D1008DB1A9 /* AskNewView.xib in Resources */,
				8F3A05221C321D21008F41F6 /* KouSuanViewController.xib in Resources */,
				166AF32C1C206438001028C3 /* LianxianViewController.xib in Resources */,
				E98A91B31BF4C216008DB1A9 /* MeAfterLoginView.xib in Resources */,
				7B99386E1C2BB0C800AFCD12 /* PaiXuCViewController.xib in Resources */,
				166AF3281C205AE7001028C3 /* PanduanViewController.xib in Resources */,
				E98A91AD1BF4C0B0008DB1A9 /* EtaskDetailView.xib in Resources */,
				E99F591B1C2EBA22008364C2 /* XuanzetiankongOptionCell.xib in Resources */,
				E98A91B11BF4C20C008DB1A9 /* MeLoginView.xib in Resources */,
				8F4C04B01C38EC94004002FA /* KouSuanAnswerSetViewController.xib in Resources */,
				E98A91961BF4B7CB008DB1A9 /* EtaskListView.xib in Resources */,
				160F48171BFCCF1400796A49 /* AskTableViewCell.xib in Resources */,
				E3FC711E1C30D378002FFEE1 /* ReadingViewController.xib in Resources */,
				E98A91A21BF4BCD9008DB1A9 /* AskListView.xib in Resources */,
				8FEE82561C3A98A60020CFBF /* KouSuanResultViewController.xib in Resources */,
				E3FC71511C313E37002FFEE1 /* yuyin@3x.gif in Resources */,
				E98A916A1BF4B4E9008DB1A9 /* Assets.xcassets in Resources */,
				166AF3241C205A92001028C3 /* DanxuanViewController.xib in Resources */,
				E3CE95D31C3A046900059069 /* FollowReadingViewController.xib in Resources */,
				E98A91C31BF4C2E4008DB1A9 /* AskReplyView.xib in Resources */,
				166AF31A1C1D64C1001028C3 /* NewEtaskListViewController.xib in Resources */,
				E98A91681BF4B4E9008DB1A9 /* Main.storyboard in Resources */,
				E98A91AF1BF4C103008DB1A9 /* EtaskWorkonView.xib in Resources */,
				E9AB6E4B1C2F64C200AD1C80 /* TingLiTiankongViewController.xib in Resources */,
				8F4F780C1C390E92008791ED /* KouSuanKeyboardViewController.xib in Resources */,
				E98A91C11BF4C2D9008DB1A9 /* AskDetailView.xib in Resources */,
			);
			runOnlyForDeploymentPostprocessing = 0;
		};
		E98A91711BF4B4E9008DB1A9 /* Resources */ = {
			isa = PBXResourcesBuildPhase;
			buildActionMask = 2147483647;
			files = (
			);
			runOnlyForDeploymentPostprocessing = 0;
		};
		E98A917C1BF4B4E9008DB1A9 /* Resources */ = {
			isa = PBXResourcesBuildPhase;
			buildActionMask = 2147483647;
			files = (
			);
			runOnlyForDeploymentPostprocessing = 0;
		};
/* End PBXResourcesBuildPhase section */

/* Begin PBXShellScriptBuildPhase section */
		9662E2126B34585087A6581C /* Embed Pods Frameworks */ = {
			isa = PBXShellScriptBuildPhase;
			buildActionMask = 2147483647;
			files = (
			);
			inputPaths = (
			);
			name = "Embed Pods Frameworks";
			outputPaths = (
			);
			runOnlyForDeploymentPostprocessing = 0;
			shellPath = /bin/sh;
			shellScript = "\"${SRCROOT}/Pods/Target Support Files/Pods/Pods-frameworks.sh\"\n";
			showEnvVarsInLog = 0;
		};
		9A6DD5CD0AE8DA28C158AEAE /* Copy Pods Resources */ = {
			isa = PBXShellScriptBuildPhase;
			buildActionMask = 2147483647;
			files = (
			);
			inputPaths = (
			);
			name = "Copy Pods Resources";
			outputPaths = (
			);
			runOnlyForDeploymentPostprocessing = 0;
			shellPath = /bin/sh;
			shellScript = "\"${SRCROOT}/Pods/Target Support Files/Pods/Pods-resources.sh\"\n";
			showEnvVarsInLog = 0;
		};
		F2E051B498E36486902C177C /* Check Pods Manifest.lock */ = {
			isa = PBXShellScriptBuildPhase;
			buildActionMask = 2147483647;
			files = (
			);
			inputPaths = (
			);
			name = "Check Pods Manifest.lock";
			outputPaths = (
			);
			runOnlyForDeploymentPostprocessing = 0;
			shellPath = /bin/sh;
			shellScript = "diff \"${PODS_ROOT}/../Podfile.lock\" \"${PODS_ROOT}/Manifest.lock\" > /dev/null\nif [[ $? != 0 ]] ; then\n    cat << EOM\nerror: The sandbox is not in sync with the Podfile.lock. Run 'pod install' or update your CocoaPods installation.\nEOM\n    exit 1\nfi\n";
			showEnvVarsInLog = 0;
		};
/* End PBXShellScriptBuildPhase section */

/* Begin PBXSourcesBuildPhase section */
		E98A915B1BF4B4E9008DB1A9 /* Sources */ = {
			isa = PBXSourcesBuildPhase;
			buildActionMask = 2147483647;
			files = (
				8FEE82521C3A55E80020CFBF /* passDataDelegate.swift in Sources */,
				E99F58D31C24ED79008364C2 /* QuestionTitleView.swift in Sources */,
				8F3A05211C321D21008F41F6 /* KouSuanViewController.swift in Sources */,
				E98A91B51BF4C226008DB1A9 /* MeLoginViewController.swift in Sources */,
				166AF32B1C206438001028C3 /* LianxianViewController.swift in Sources */,
				E98A91BB1BF4C2B3008DB1A9 /* AskDetailViewController.swift in Sources */,
				E98A919E1BF4BBA1008DB1A9 /* EtaskDetailViewController.swift in Sources */,
				E3365B5B1C0D2B11002DCCC6 /* Student.swift in Sources */,
				166AF3111C1C0E19001028C3 /* EtaskBL.swift in Sources */,
				166AF3141C1C0E4F001028C3 /* EtaskDAO.swift in Sources */,
				E98A91B71BF4C233008DB1A9 /* MeAfterLoginViewController.swift in Sources */,
				E37F727F1C2A6E40002FF8BE /* ProgressBar.swift in Sources */,
				E9AB6E4A1C2F64C200AD1C80 /* TingLiTiankongViewController.swift in Sources */,
				E3365B541C0C66BB002DCCC6 /* HttpRequest.swift in Sources */,
				E3E9BEF41C2BCE1900DF28F9 /* ArrowView.swift in Sources */,
				E3FC711D1C30D378002FFEE1 /* ReadingViewController.swift in Sources */,
				E3FC71571C314408002FFEE1 /* ViewControllerBackDelegate.swift in Sources */,
				166AF3161C1C17D1001028C3 /* HttpUtil.swift in Sources */,
				E31797391C3B702D008DCAC7 /* LTRefreshView.swift in Sources */,
				E98A91A01BF4BCC8008DB1A9 /* AskListViewController.swift in Sources */,
				8FC01C411C3CC8A600E75619 /* EtaskAnswer.swift in Sources */,
				E3FC71551C313F99002FFEE1 /* ImageButton.swift in Sources */,
				166AF30E1C1BFDAD001028C3 /* AskDAO.swift in Sources */,
				8F4F780B1C390E92008791ED /* KouSuanKeyboardViewController.swift in Sources */,
				8F4C04AF1C38EC94004002FA /* KouSuanAnswerSetViewController.swift in Sources */,
				7B99386D1C2BB0C800AFCD12 /* PaiXuCViewController.swift in Sources */,
				8FEE82551C3A98A60020CFBF /* KouSuanResultViewController.swift in Sources */,
				E30A1B9C1C33A06A00C8B3C5 /* UIPileView.swift in Sources */,
				E99F58CE1C24CD5A008364C2 /* EtaskQuestion.swift in Sources */,
				E30A1B9A1C3365D200C8B3C5 /* AudioManager.swift in Sources */,
				E3CE95D21C3A046900059069 /* FollowReadingViewController.swift in Sources */,
				8F0067FE1C322BF800406357 /* QuestionAudioView.swift in Sources */,
				8FEE5ABE1C2B882C0027CC41 /* NSUserDefaultUtil.swift in Sources */,
				166AF3191C1D64C1001028C3 /* NewEtaskListViewController.swift in Sources */,
				E99F591A1C2EBA22008364C2 /* XuanzetiankongOptionCell.swift in Sources */,
				E3B545F71C22C524001EE63C /* MainViewController.swift in Sources */,
				7BA51ABD1C1B05F100B72241 /* UserModel.swift in Sources */,
				E3E9BEF31C2BCE1900DF28F9 /* ArrowMenu.swift in Sources */,
				E3365B5E1C0D5BDF002DCCC6 /* EtaskTableViewCell.swift in Sources */,
				7BA51ABB1C1B053700B72241 /* EtaskModel.swift in Sources */,
				E98A919C1BF4BB2E008DB1A9 /* EtaskWorkonViewController.swift in Sources */,
				166AF3231C205A92001028C3 /* DanxuanViewController.swift in Sources */,
				E98A91631BF4B4E9008DB1A9 /* AppDelegate.swift in Sources */,
				166AF32F1C2073E5001028C3 /* XuanzetiankongViewController.swift in Sources */,
				E3365B551C0C66BB002DCCC6 /* ServiceApi.swift in Sources */,
				166AF30C1C1BFD99001028C3 /* AskBL.swift in Sources */,
				8FEE5AC01C2B88E80027CC41 /* MBPHUDUtil.swift in Sources */,
				8F4F78121C3915D9008791ED /* BaseDialogViewController.swift in Sources */,
				E3FB736B1C06A26C00E76E55 /* EtaskTableViewController.swift in Sources */,
				E99F58D71C24FB25008364C2 /* DanxuanAnswerControl.swift in Sources */,
				E3365B591C0D29D9002DCCC6 /* LTConfig.swift in Sources */,
				160F48161BFCCF1400796A49 /* AskTableViewCell.swift in Sources */,
				E99F58D01C24CD88008364C2 /* QuestionTypeEnum.swift in Sources */,
				7B7D4C851C2AB7D600527BA0 /* EtaskQuestionOption.swift in Sources */,
				160F480F1BF8E00900796A49 /* QKColor.swift in Sources */,
				E3E9BEF61C2BDB9800DF28F9 /* StatusView.swift in Sources */,
				8F8DCC311C31235D007A2640 /* LianXianView.swift in Sources */,
				E99F59131C2E981E008364C2 /* QuestionBaseViewController.swift in Sources */,
				160F48131BFCC9AB00796A49 /* AskTableViewController.swift in Sources */,
				E98A91A91BF4BF58008DB1A9 /* StudentBaseViewController.swift in Sources */,
				E3FFE1F21C32679C004336DB /* AudioProgressView.swift in Sources */,
				E3EBE6281C26A9580050F02E /* BubbleView.swift in Sources */,
				8F4F780F1C390EAE008791ED /* KouSuanSpeakViewController.swift in Sources */,
				E98A91BD1BF4C2BF008DB1A9 /* AskReplyViewController.swift in Sources */,
				E3FC714A1C313DF5002FFEE1 /* UIImage+Gif.swift in Sources */,
				166AF3271C205AE7001028C3 /* PanduanViewController.swift in Sources */,
				166AF3081C1BFD4C001028C3 /* AskCellModel.swift in Sources */,
				E37F72801C2A6E40002FF8BE /* ProgressView.swift in Sources */,
				E98A91941BF4B7A6008DB1A9 /* EtaskListViewController.swift in Sources */,
				E98A91B91BF4C2A9008DB1A9 /* AskNewViewController.swift in Sources */,
			);
			runOnlyForDeploymentPostprocessing = 0;
		};
		E98A916F1BF4B4E9008DB1A9 /* Sources */ = {
			isa = PBXSourcesBuildPhase;
			buildActionMask = 2147483647;
			files = (
				E98A91781BF4B4E9008DB1A9 /* studentTests.swift in Sources */,
			);
			runOnlyForDeploymentPostprocessing = 0;
		};
		E98A917A1BF4B4E9008DB1A9 /* Sources */ = {
			isa = PBXSourcesBuildPhase;
			buildActionMask = 2147483647;
			files = (
				E98A91831BF4B4E9008DB1A9 /* studentUITests.swift in Sources */,
			);
			runOnlyForDeploymentPostprocessing = 0;
		};
/* End PBXSourcesBuildPhase section */

/* Begin PBXTargetDependency section */
		E98A91751BF4B4E9008DB1A9 /* PBXTargetDependency */ = {
			isa = PBXTargetDependency;
			target = E98A915E1BF4B4E9008DB1A9 /* student */;
			targetProxy = E98A91741BF4B4E9008DB1A9 /* PBXContainerItemProxy */;
		};
		E98A91801BF4B4E9008DB1A9 /* PBXTargetDependency */ = {
			isa = PBXTargetDependency;
			target = E98A915E1BF4B4E9008DB1A9 /* student */;
			targetProxy = E98A917F1BF4B4E9008DB1A9 /* PBXContainerItemProxy */;
		};
/* End PBXTargetDependency section */

/* Begin PBXVariantGroup section */
		E98A91661BF4B4E9008DB1A9 /* Main.storyboard */ = {
			isa = PBXVariantGroup;
			children = (
				E98A91671BF4B4E9008DB1A9 /* Base */,
			);
			name = Main.storyboard;
			sourceTree = "<group>";
		};
		E98A916B1BF4B4E9008DB1A9 /* LaunchScreen.storyboard */ = {
			isa = PBXVariantGroup;
			children = (
				E98A916C1BF4B4E9008DB1A9 /* Base */,
			);
			name = LaunchScreen.storyboard;
			sourceTree = "<group>";
		};
/* End PBXVariantGroup section */

/* Begin XCBuildConfiguration section */
		E98A91851BF4B4E9008DB1A9 /* Debug */ = {
			isa = XCBuildConfiguration;
			buildSettings = {
				ALWAYS_SEARCH_USER_PATHS = NO;
				CLANG_CXX_LANGUAGE_STANDARD = "gnu++0x";
				CLANG_CXX_LIBRARY = "libc++";
				CLANG_ENABLE_MODULES = YES;
				CLANG_ENABLE_OBJC_ARC = YES;
				CLANG_WARN_BOOL_CONVERSION = YES;
				CLANG_WARN_CONSTANT_CONVERSION = YES;
				CLANG_WARN_DIRECT_OBJC_ISA_USAGE = YES_ERROR;
				CLANG_WARN_EMPTY_BODY = YES;
				CLANG_WARN_ENUM_CONVERSION = YES;
				CLANG_WARN_INT_CONVERSION = YES;
				CLANG_WARN_OBJC_ROOT_CLASS = YES_ERROR;
				CLANG_WARN_UNREACHABLE_CODE = YES;
				CLANG_WARN__DUPLICATE_METHOD_MATCH = YES;
				"CODE_SIGN_IDENTITY[sdk=iphoneos*]" = "iPhone Developer";
				COPY_PHASE_STRIP = NO;
				DEBUG_INFORMATION_FORMAT = dwarf;
				ENABLE_STRICT_OBJC_MSGSEND = YES;
				ENABLE_TESTABILITY = YES;
				GCC_C_LANGUAGE_STANDARD = gnu99;
				GCC_DYNAMIC_NO_PIC = NO;
				GCC_NO_COMMON_BLOCKS = YES;
				GCC_OPTIMIZATION_LEVEL = 0;
				GCC_PREPROCESSOR_DEFINITIONS = (
					"DEBUG=1",
					"$(inherited)",
				);
				GCC_WARN_64_TO_32_BIT_CONVERSION = YES;
				GCC_WARN_ABOUT_RETURN_TYPE = YES_ERROR;
				GCC_WARN_UNDECLARED_SELECTOR = YES;
				GCC_WARN_UNINITIALIZED_AUTOS = YES_AGGRESSIVE;
				GCC_WARN_UNUSED_FUNCTION = YES;
				GCC_WARN_UNUSED_VARIABLE = YES;
				IPHONEOS_DEPLOYMENT_TARGET = 9.0;
				MTL_ENABLE_DEBUG_INFO = YES;
				ONLY_ACTIVE_ARCH = YES;
				SDKROOT = iphoneos;
				SWIFT_OPTIMIZATION_LEVEL = "-Onone";
			};
			name = Debug;
		};
		E98A91861BF4B4E9008DB1A9 /* Release */ = {
			isa = XCBuildConfiguration;
			buildSettings = {
				ALWAYS_SEARCH_USER_PATHS = NO;
				CLANG_CXX_LANGUAGE_STANDARD = "gnu++0x";
				CLANG_CXX_LIBRARY = "libc++";
				CLANG_ENABLE_MODULES = YES;
				CLANG_ENABLE_OBJC_ARC = YES;
				CLANG_WARN_BOOL_CONVERSION = YES;
				CLANG_WARN_CONSTANT_CONVERSION = YES;
				CLANG_WARN_DIRECT_OBJC_ISA_USAGE = YES_ERROR;
				CLANG_WARN_EMPTY_BODY = YES;
				CLANG_WARN_ENUM_CONVERSION = YES;
				CLANG_WARN_INT_CONVERSION = YES;
				CLANG_WARN_OBJC_ROOT_CLASS = YES_ERROR;
				CLANG_WARN_UNREACHABLE_CODE = YES;
				CLANG_WARN__DUPLICATE_METHOD_MATCH = YES;
				"CODE_SIGN_IDENTITY[sdk=iphoneos*]" = "iPhone Developer";
				COPY_PHASE_STRIP = NO;
				DEBUG_INFORMATION_FORMAT = "dwarf-with-dsym";
				ENABLE_NS_ASSERTIONS = NO;
				ENABLE_STRICT_OBJC_MSGSEND = YES;
				GCC_C_LANGUAGE_STANDARD = gnu99;
				GCC_NO_COMMON_BLOCKS = YES;
				GCC_WARN_64_TO_32_BIT_CONVERSION = YES;
				GCC_WARN_ABOUT_RETURN_TYPE = YES_ERROR;
				GCC_WARN_UNDECLARED_SELECTOR = YES;
				GCC_WARN_UNINITIALIZED_AUTOS = YES_AGGRESSIVE;
				GCC_WARN_UNUSED_FUNCTION = YES;
				GCC_WARN_UNUSED_VARIABLE = YES;
				IPHONEOS_DEPLOYMENT_TARGET = 9.0;
				MTL_ENABLE_DEBUG_INFO = NO;
				SDKROOT = iphoneos;
				VALIDATE_PRODUCT = YES;
			};
			name = Release;
		};
		E98A91881BF4B4E9008DB1A9 /* Debug */ = {
			isa = XCBuildConfiguration;
			baseConfigurationReference = F5670F7DD0BB736829B053F1 /* Pods.debug.xcconfig */;
			buildSettings = {
				ASSETCATALOG_COMPILER_APPICON_NAME = AppIcon;
				CODE_SIGN_IDENTITY = "iPhone Developer";
				"CODE_SIGN_IDENTITY[sdk=iphoneos*]" = "iPhone Developer";
				INFOPLIST_FILE = student/Info.plist;
				IPHONEOS_DEPLOYMENT_TARGET = 9.0;
				LD_RUNPATH_SEARCH_PATHS = "$(inherited) @executable_path/Frameworks";
				PRODUCT_BUNDLE_IDENTIFIER = com.singlu.lzxt.student;
				PRODUCT_NAME = "$(TARGET_NAME)";
				PROVISIONING_PROFILE = "";
			};
			name = Debug;
		};
		E98A91891BF4B4E9008DB1A9 /* Release */ = {
			isa = XCBuildConfiguration;
			baseConfigurationReference = 2A7BD90C62B542553D2358FB /* Pods.release.xcconfig */;
			buildSettings = {
				ASSETCATALOG_COMPILER_APPICON_NAME = AppIcon;
				CODE_SIGN_IDENTITY = "iPhone Developer";
				"CODE_SIGN_IDENTITY[sdk=iphoneos*]" = "iPhone Developer";
				INFOPLIST_FILE = student/Info.plist;
				IPHONEOS_DEPLOYMENT_TARGET = 9.0;
				LD_RUNPATH_SEARCH_PATHS = "$(inherited) @executable_path/Frameworks";
				PRODUCT_BUNDLE_IDENTIFIER = com.singlu.lzxt.student;
				PRODUCT_NAME = "$(TARGET_NAME)";
				PROVISIONING_PROFILE = "";
			};
			name = Release;
		};
		E98A918B1BF4B4E9008DB1A9 /* Debug */ = {
			isa = XCBuildConfiguration;
			buildSettings = {
				BUNDLE_LOADER = "$(TEST_HOST)";
				INFOPLIST_FILE = studentTests/Info.plist;
				LD_RUNPATH_SEARCH_PATHS = "$(inherited) @executable_path/Frameworks @loader_path/Frameworks";
				PRODUCT_BUNDLE_IDENTIFIER = com.singlu.lzxt.studentTests;
				PRODUCT_NAME = "$(TARGET_NAME)";
				TEST_HOST = "$(BUILT_PRODUCTS_DIR)/student.app/student";
			};
			name = Debug;
		};
		E98A918C1BF4B4E9008DB1A9 /* Release */ = {
			isa = XCBuildConfiguration;
			buildSettings = {
				BUNDLE_LOADER = "$(TEST_HOST)";
				INFOPLIST_FILE = studentTests/Info.plist;
				LD_RUNPATH_SEARCH_PATHS = "$(inherited) @executable_path/Frameworks @loader_path/Frameworks";
				PRODUCT_BUNDLE_IDENTIFIER = com.singlu.lzxt.studentTests;
				PRODUCT_NAME = "$(TARGET_NAME)";
				TEST_HOST = "$(BUILT_PRODUCTS_DIR)/student.app/student";
			};
			name = Release;
		};
		E98A918E1BF4B4E9008DB1A9 /* Debug */ = {
			isa = XCBuildConfiguration;
			buildSettings = {
				INFOPLIST_FILE = studentUITests/Info.plist;
				LD_RUNPATH_SEARCH_PATHS = "$(inherited) @executable_path/Frameworks @loader_path/Frameworks";
				PRODUCT_BUNDLE_IDENTIFIER = com.singlu.lzxt.studentUITests;
				PRODUCT_NAME = "$(TARGET_NAME)";
				TEST_TARGET_NAME = student;
				USES_XCTRUNNER = YES;
			};
			name = Debug;
		};
		E98A918F1BF4B4E9008DB1A9 /* Release */ = {
			isa = XCBuildConfiguration;
			buildSettings = {
				INFOPLIST_FILE = studentUITests/Info.plist;
				LD_RUNPATH_SEARCH_PATHS = "$(inherited) @executable_path/Frameworks @loader_path/Frameworks";
				PRODUCT_BUNDLE_IDENTIFIER = com.singlu.lzxt.studentUITests;
				PRODUCT_NAME = "$(TARGET_NAME)";
				TEST_TARGET_NAME = student;
				USES_XCTRUNNER = YES;
			};
			name = Release;
		};
/* End XCBuildConfiguration section */

/* Begin XCConfigurationList section */
		E98A915A1BF4B4E9008DB1A9 /* Build configuration list for PBXProject "student" */ = {
			isa = XCConfigurationList;
			buildConfigurations = (
				E98A91851BF4B4E9008DB1A9 /* Debug */,
				E98A91861BF4B4E9008DB1A9 /* Release */,
			);
			defaultConfigurationIsVisible = 0;
			defaultConfigurationName = Release;
		};
		E98A91871BF4B4E9008DB1A9 /* Build configuration list for PBXNativeTarget "student" */ = {
			isa = XCConfigurationList;
			buildConfigurations = (
				E98A91881BF4B4E9008DB1A9 /* Debug */,
				E98A91891BF4B4E9008DB1A9 /* Release */,
			);
			defaultConfigurationIsVisible = 0;
			defaultConfigurationName = Release;
		};
		E98A918A1BF4B4E9008DB1A9 /* Build configuration list for PBXNativeTarget "studentTests" */ = {
			isa = XCConfigurationList;
			buildConfigurations = (
				E98A918B1BF4B4E9008DB1A9 /* Debug */,
				E98A918C1BF4B4E9008DB1A9 /* Release */,
			);
			defaultConfigurationIsVisible = 0;
			defaultConfigurationName = Release;
		};
		E98A918D1BF4B4E9008DB1A9 /* Build configuration list for PBXNativeTarget "studentUITests" */ = {
			isa = XCConfigurationList;
			buildConfigurations = (
				E98A918E1BF4B4E9008DB1A9 /* Debug */,
				E98A918F1BF4B4E9008DB1A9 /* Release */,
			);
			defaultConfigurationIsVisible = 0;
			defaultConfigurationName = Release;
		};
/* End XCConfigurationList section */
	};
	rootObject = E98A91571BF4B4E9008DB1A9 /* Project object */;
}
